
Microsoft Visual Studio Solution File, Format Version 12.00
# Visual Studio Version 17
VisualStudioVersion = 17.9.34607.119
MinimumVisualStudioVersion = 10.0.40219.1
Project("{9A19103F-16F7-4668-BE54-9A1E7A4F7556}") = "Lab 2", "Lab 2.csproj", "{EB4E41AA-E416-41D9-87FE-3AC1E13B688A}"
EndProject
Project("{FAE04EC0-301F-11D3-BF4B-00C04F79EFBC}") = "ClassesPersons", "..\ClassesPersons\ClassesPersons.csproj", "{AF0CBE4A-72EC-4EB3-AE25-4E0E7AB7B9B4}"
EndProject
Global
	GlobalSection(SolutionConfigurationPlatforms) = preSolution
		Debug|Any CPU = Debug|Any CPU
		Release|Any CPU = Release|Any CPU
	EndGlobalSection
	GlobalSection(ProjectConfigurationPlatforms) = postSolution
		{EB4E41AA-E416-41D9-87FE-3AC1E13B688A}.Debug|Any CPU.ActiveCfg = Debug|Any CPU
		{EB4E41AA-E416-41D9-87FE-3AC1E13B688A}.Debug|Any CPU.Build.0 = Debug|Any CPU
		{EB4E41AA-E416-41D9-87FE-3AC1E13B688A}.Release|Any CPU.ActiveCfg = Release|Any CPU
		{EB4E41AA-E416-41D9-87FE-3AC1E13B688A}.Release|Any CPU.Build.0 = Release|Any CPU
		{AF0CBE4A-72EC-4EB3-AE25-4E0E7AB7B9B4}.Debug|Any CPU.ActiveCfg = Debug|Any CPU
		{AF0CBE4A-72EC-4EB3-AE25-4E0E7AB7B9B4}.Debug|Any CPU.Build.0 = Debug|Any CPU
		{AF0CBE4A-72EC-4EB3-AE25-4E0E7AB7B9B4}.Release|Any CPU.ActiveCfg = Release|Any CPU
		{AF0CBE4A-72EC-4EB3-AE25-4E0E7AB7B9B4}.Release|Any CPU.Build.0 = Release|Any CPU
	EndGlobalSection
	GlobalSection(SolutionProperties) = preSolution
		HideSolutionNode = FALSE
	EndGlobalSection
	GlobalSection(ExtensibilityGlobals) = postSolution
		SolutionGuid = {42DF029C-5B7E-4BD9-9A31-15FAA6A6233F}
	EndGlobalSection
EndGlobal
